{
  "originHash" : "1c26b7d1e0d185e9e1634c9973602efffee0c003ff6b6c85362c98b50aeb56aa",
  "pins" : [
    {
      "identity" : "dexcom-swift",
      "kind" : "remoteSourceControl",
      "location" : "https://github.com/kylebshr/dexcom-swift",
      "state" : {
        "branch" : "main",
        "revision" : "fed9471789a7570587de1187572df59a0f7fd164"
      }
    }
  ],
  "version" : 3
}
